{
  "meteor": {},
  "dependencies": {
    "basePackages": {
      "iron-router": {},
      "mocha-web": {},
      "less-bootstrap-3": {},
      "spin": {},
      "moment": {},
      "font-awesome-4.1.0": {},
      "select2": {},
      "select2-bootstrap3-css": {}
    },
    "packages": {
      "iron-router": {
        "git": "https://github.com/EventedMind/iron-router.git",
        "tag": "v0.7.1",
        "commit": "d1ffb3f06ea4c112132b030f2eb1a70b81675ecb"
      },
      "mocha-web": {
        "git": "https://github.com/mad-eye/meteor-mocha-web.git",
        "tag": "v0.2.4",
        "commit": "97194bc90ea9b32047973ff44562a3da3b4e7477"
      },
      "less-bootstrap-3": {
        "git": "https://github.com/DerMambo/less-bootstrap-3.git",
        "tag": "v0.0.2",
        "commit": "b5010b2ff9e9ae6b0e6e13eb0f6c81c9cb84373e"
      },
      "spin": {
        "git": "https://github.com/SachaG/meteor-spin.git",
        "tag": "v0.2.2",
        "commit": "3f655f0016228e4195acc784c45d3e3a247dc39f"
      },
      "moment": {
        "git": "https://github.com/acreeger/meteor-moment.git",
        "tag": "v2.6.0",
        "commit": "26156df681750fd6e6ed77043eef32b6653ebbdf"
      },
      "font-awesome-4.1.0": {
        "git": "https://github.com/miguelvalverde/font-awesome-4.1.0.git",
        "tag": "v0.0.1",
        "commit": "2a84395252f4bee953878baa87b7a8bdc172a34c"
      },
      "select2": {
        "git": "https://github.com/nate-strauser/meteor-select2.git",
        "tag": "v3.4.5",
        "commit": "4a8d05582b949a14f0ee217c185166abbf112822"
      },
      "select2-bootstrap3-css": {
        "git": "https://github.com/esperadomedia/meteor-select2-bootstrap3-css.git",
        "tag": "v0.0.5",
        "commit": "ac0c74d4b110c4c5149f17bb33c3e9bb4f77eb88"
      },
      "blaze-layout": {
        "git": "https://github.com/EventedMind/blaze-layout.git",
        "tag": "v0.2.4",
        "commit": "b40e9b0612329288d75cf52ad14a7da64bb8618f"
      }
    }
  }
}
